
Microsoft Visual Studio Solution File, Format Version 12.00
# Visual Studio Version 16
VisualStudioVersion = 16.0.30011.22
MinimumVisualStudioVersion = 10.0.40219.1
Project("{FAE04EC0-301F-11D3-BF4B-00C04F79EFBC}") = "lab5", "lab5.csproj", "{6956F2B1-E009-4FB5-8E78-E654A898984C}"
EndProject
Project("{FAE04EC0-301F-11D3-BF4B-00C04F79EFBC}") = "test", "..\test\test.csproj", "{B7A98861-A7C2-4269-9F67-805AB3DCE015}"
EndProject
Global
	GlobalSection(SolutionConfigurationPlatforms) = preSolution
		Debug|Any CPU = Debug|Any CPU
		Release|Any CPU = Release|Any CPU
	EndGlobalSection
	GlobalSection(ProjectConfigurationPlatforms) = postSolution
		{6956F2B1-E009-4FB5-8E78-E654A898984C}.Debug|Any CPU.ActiveCfg = Debug|Any CPU
		{6956F2B1-E009-4FB5-8E78-E654A898984C}.Debug|Any CPU.Build.0 = Debug|Any CPU
		{6956F2B1-E009-4FB5-8E78-E654A898984C}.Release|Any CPU.ActiveCfg = Release|Any CPU
		{6956F2B1-E009-4FB5-8E78-E654A898984C}.Release|Any CPU.Build.0 = Release|Any CPU
		{B7A98861-A7C2-4269-9F67-805AB3DCE015}.Debug|Any CPU.ActiveCfg = Debug|Any CPU
		{B7A98861-A7C2-4269-9F67-805AB3DCE015}.Debug|Any CPU.Build.0 = Debug|Any CPU
		{B7A98861-A7C2-4269-9F67-805AB3DCE015}.Release|Any CPU.ActiveCfg = Release|Any CPU
		{B7A98861-A7C2-4269-9F67-805AB3DCE015}.Release|Any CPU.Build.0 = Release|Any CPU
	EndGlobalSection
	GlobalSection(SolutionProperties) = preSolution
		HideSolutionNode = FALSE
	EndGlobalSection
	GlobalSection(ExtensibilityGlobals) = postSolution
		SolutionGuid = {9400154D-4980-4505-92D5-5765359EE137}
	EndGlobalSection
EndGlobal
